// !$*UTF8*$!
{
	archiveVersion = 1;
	classes = {
	};
	objectVersion = 77;
	objects = {

/* Begin PBXContainerItemProxy section */
		6492D54E2CE4C46E005BE624 /* PBXContainerItemProxy */ = {
			isa = PBXContainerItemProxy;
			containerPortal = 6492D5352CE4C46C005BE624 /* Project object */;
			proxyType = 1;
			remoteGlobalIDString = 6492D53C2CE4C46C005BE624;
			remoteInfo = FocusCat;
		};
		6492D5582CE4C46E005BE624 /* PBXContainerItemProxy */ = {
			isa = PBXContainerItemProxy;
			containerPortal = 6492D5352CE4C46C005BE624 /* Project object */;
			proxyType = 1;
			remoteGlobalIDString = 6492D53C2CE4C46C005BE624;
			remoteInfo = FocusCat;
		};
/* End PBXContainerItemProxy section */

/* Begin PBXFileReference section */
		6492D53D2CE4C46C005BE624 /* FocusCat.app */ = {isa = PBXFileReference; explicitFileType = wrapper.application; includeInIndex = 0; path = FocusCat.app; sourceTree = BUILT_PRODUCTS_DIR; };
		6492D54D2CE4C46E005BE624 /* FocusCatTests.xctest */ = {isa = PBXFileReference; explicitFileType = wrapper.cfbundle; includeInIndex = 0; path = FocusCatTests.xctest; sourceTree = BUILT_PRODUCTS_DIR; };
		6492D5572CE4C46E005BE624 /* FocusCatUITests.xctest */ = {isa = PBXFileReference; explicitFileType = wrapper.cfbundle; includeInIndex = 0; path = FocusCatUITests.xctest; sourceTree = BUILT_PRODUCTS_DIR; };
/* End PBXFileReference section */

/* Begin PBXFileSystemSynchronizedRootGroup section */
		6492D53F2CE4C46C005BE624 /* FocusCat */ = {
			isa = PBXFileSystemSynchronizedRootGroup;
			path = FocusCat;
			sourceTree = "<group>";
		};
		6492D5502CE4C46E005BE624 /* FocusCatTests */ = {
			isa = PBXFileSystemSynchronizedRootGroup;
			path = FocusCatTests;
			sourceTree = "<group>";
		};
		6492D55A2CE4C46E005BE624 /* FocusCatUITests */ = {
			isa = PBXFileSystemSynchronizedRootGroup;
			path = FocusCatUITests;
			sourceTree = "<group>";
		};
/* End PBXFileSystemSynchronizedRootGroup section */

/* Begin PBXFrameworksBuildPhase section */
		6492D53A2CE4C46C005BE624 /* Frameworks */ = {
			isa = PBXFrameworksBuildPhase;
			buildActionMask = 2147483647;
			files = (
			);
			runOnlyForDeploymentPostprocessing = 0;
		};
		6492D54A2CE4C46E005BE624 /* Frameworks */ = {
			isa = PBXFrameworksBuildPhase;
			buildActionMask = 2147483647;
			files = (
			);
			runOnlyForDeploymentPostprocessing = 0;
		};
		6492D5542CE4C46E005BE624 /* Frameworks */ = {
			isa = PBXFrameworksBuildPhase;
			buildActionMask = 2147483647;
			files = (
			);
			runOnlyForDeploymentPostprocessing = 0;
		};
/* End PBXFrameworksBuildPhase section */

/* Begin PBXGroup section */
		6492D5342CE4C46C005BE624 = {
			isa = PBXGroup;
			children = (
				6492D53F2CE4C46C005BE624 /* FocusCat */,
				6492D5502CE4C46E005BE624 /* FocusCatTests */,
				6492D55A2CE4C46E005BE624 /* FocusCatUITests */,
				6492D53E2CE4C46C005BE624 /* Products */,
			);
			sourceTree = "<group>";
		};
		6492D53E2CE4C46C005BE624 /* Products */ = {
			isa = PBXGroup;
			children = (
				6492D53D2CE4C46C005BE624 /* FocusCat.app */,
				6492D54D2CE4C46E005BE624 /* FocusCatTests.xctest */,
				6492D5572CE4C46E005BE624 /* FocusCatUITests.xctest */,
			);
			name = Products;
			sourceTree = "<group>";
		};
/* End PBXGroup section */

/* Begin PBXNativeTarget section */
		6492D53C2CE4C46C005BE624 /* FocusCat */ = {
			isa = PBXNativeTarget;
			buildConfigurationList = 6492D5612CE4C46E005BE624 /* Build configuration list for PBXNativeTarget "FocusCat" */;
			buildPhases = (
				6492D5392CE4C46C005BE624 /* Sources */,
				6492D53A2CE4C46C005BE624 /* Frameworks */,
				6492D53B2CE4C46C005BE624 /* Resources */,
			);
			buildRules = (
			);
			dependencies = (
			);
			fileSystemSynchronizedGroups = (
				6492D53F2CE4C46C005BE624 /* FocusCat */,
			);
			name = FocusCat;
			packageProductDependencies = (
			);
			productName = FocusCat;
			productReference = 6492D53D2CE4C46C005BE624 /* FocusCat.app */;
			productType = "com.apple.product-type.application";
		};
		6492D54C2CE4C46E005BE624 /* FocusCatTests */ = {
			isa = PBXNativeTarget;
			buildConfigurationList = 6492D5642CE4C46E005BE624 /* Build configuration list for PBXNativeTarget "FocusCatTests" */;
			buildPhases = (
				6492D5492CE4C46E005BE624 /* Sources */,
				6492D54A2CE4C46E005BE624 /* Frameworks */,
				6492D54B2CE4C46E005BE624 /* Resources */,
			);
			buildRules = (
			);
			dependencies = (
				6492D54F2CE4C46E005BE624 /* PBXTargetDependency */,
			);
			fileSystemSynchronizedGroups = (
				6492D5502CE4C46E005BE624 /* FocusCatTests */,
			);
			name = FocusCatTests;
			packageProductDependencies = (
			);
			productName = FocusCatTests;
			productReference = 6492D54D2CE4C46E005BE624 /* FocusCatTests.xctest */;
			productType = "com.apple.product-type.bundle.unit-test";
		};
		6492D5562CE4C46E005BE624 /* FocusCatUITests */ = {
			isa = PBXNativeTarget;
			buildConfigurationList = 6492D5672CE4C46E005BE624 /* Build configuration list for PBXNativeTarget "FocusCatUITests" */;
			buildPhases = (
				6492D5532CE4C46E005BE624 /* Sources */,
				6492D5542CE4C46E005BE624 /* Frameworks */,
				6492D5552CE4C46E005BE624 /* Resources */,
			);
			buildRules = (
			);
			dependencies = (
				6492D5592CE4C46E005BE624 /* PBXTargetDependency */,
			);
			fileSystemSynchronizedGroups = (
				6492D55A2CE4C46E005BE624 /* FocusCatUITests */,
			);
			name = FocusCatUITests;
			packageProductDependencies = (
			);
			productName = FocusCatUITests;
			productReference = 6492D5572CE4C46E005BE624 /* FocusCatUITests.xctest */;
			productType = "com.apple.product-type.bundle.ui-testing";
		};
/* End PBXNativeTarget section */

/* Begin PBXProject section */
		6492D5352CE4C46C005BE624 /* Project object */ = {
			isa = PBXProject;
			attributes = {
				BuildIndependentTargetsInParallel = 1;
				LastSwiftUpdateCheck = 1610;
				LastUpgradeCheck = 1610;
				TargetAttributes = {
					6492D53C2CE4C46C005BE624 = {
						CreatedOnToolsVersion = 16.1;
					};
					6492D54C2CE4C46E005BE624 = {
						CreatedOnToolsVersion = 16.1;
						TestTargetID = 6492D53C2CE4C46C005BE624;
					};
					6492D5562CE4C46E005BE624 = {
						CreatedOnToolsVersion = 16.1;
						TestTargetID = 6492D53C2CE4C46C005BE624;
					};
				};
			};
			buildConfigurationList = 6492D5382CE4C46C005BE624 /* Build configuration list for PBXProject "FocusCat" */;
			developmentRegion = en;
			hasScannedForEncodings = 0;
			knownRegions = (
				en,
				Base,
			);
			mainGroup = 6492D5342CE4C46C005BE624;
			minimizedProjectReferenceProxies = 1;
			preferredProjectObjectVersion = 77;
			productRefGroup = 6492D53E2CE4C46C005BE624 /* Products */;
			projectDirPath = "";
			projectRoot = "";
			targets = (
				6492D53C2CE4C46C005BE624 /* FocusCat */,
				6492D54C2CE4C46E005BE624 /* FocusCatTests */,
				6492D5562CE4C46E005BE624 /* FocusCatUITests */,
			);
		};
/* End PBXProject section */

/* Begin PBXResourcesBuildPhase section */
		6492D53B2CE4C46C005BE624 /* Resources */ = {
			isa = PBXResourcesBuildPhase;
			buildActionMask = 2147483647;
			files = (
			);
			runOnlyForDeploymentPostprocessing = 0;
		};
		6492D54B2CE4C46E005BE624 /* Resources */ = {
			isa = PBXResourcesBuildPhase;
			buildActionMask = 2147483647;
			files = (
			);
			runOnlyForDeploymentPostprocessing = 0;
		};
		6492D5552CE4C46E005BE624 /* Resources */ = {
			isa = PBXResourcesBuildPhase;
			buildActionMask = 2147483647;
			files = (
			);
			runOnlyForDeploymentPostprocessing = 0;
		};
/* End PBXResourcesBuildPhase section */

/* Begin PBXSourcesBuildPhase section */
		6492D5392CE4C46C005BE624 /* Sources */ = {
			isa = PBXSourcesBuildPhase;
			buildActionMask = 2147483647;
			files = (
			);
			runOnlyForDeploymentPostprocessing = 0;
		};
		6492D5492CE4C46E005BE624 /* Sources */ = {
			isa = PBXSourcesBuildPhase;
			buildActionMask = 2147483647;
			files = (
			);
			runOnlyForDeploymentPostprocessing = 0;
		};
		6492D5532CE4C46E005BE624 /* Sources */ = {
			isa = PBXSourcesBuildPhase;
			buildActionMask = 2147483647;
			files = (
			);
			runOnlyForDeploymentPostprocessing = 0;
		};
/* End PBXSourcesBuildPhase section */

/* Begin PBXTargetDependency section */
		6492D54F2CE4C46E005BE624 /* PBXTargetDependency */ = {
			isa = PBXTargetDependency;
			target = 6492D53C2CE4C46C005BE624 /* FocusCat */;
			targetProxy = 6492D54E2CE4C46E005BE624 /* PBXContainerItemProxy */;
		};
		6492D5592CE4C46E005BE624 /* PBXTargetDependency */ = {
			isa = PBXTargetDependency;
			target = 6492D53C2CE4C46C005BE624 /* FocusCat */;
			targetProxy = 6492D5582CE4C46E005BE624 /* PBXContainerItemProxy */;
		};
/* End PBXTargetDependency section */

/* Begin XCBuildConfiguration section */
		6492D55F2CE4C46E005BE624 /* Debug */ = {
			isa = XCBuildConfiguration;
			buildSettings = {
				ALWAYS_SEARCH_USER_PATHS = NO;
				ASSETCATALOG_COMPILER_GENERATE_SWIFT_ASSET_SYMBOL_EXTENSIONS = YES;
				CLANG_ANALYZER_NONNULL = YES;
				CLANG_ANALYZER_NUMBER_OBJECT_CONVERSION = YES_AGGRESSIVE;
				CLANG_CXX_LANGUAGE_STANDARD = "gnu++20";
				CLANG_ENABLE_MODULES = YES;
				CLANG_ENABLE_OBJC_ARC = YES;
				CLANG_ENABLE_OBJC_WEAK = YES;
				CLANG_WARN_BLOCK_CAPTURE_AUTORELEASING = YES;
				CLANG_WARN_BOOL_CONVERSION = YES;
				CLANG_WARN_COMMA = YES;
				CLANG_WARN_CONSTANT_CONVERSION = YES;
				CLANG_WARN_DEPRECATED_OBJC_IMPLEMENTATIONS = YES;
				CLANG_WARN_DIRECT_OBJC_ISA_USAGE = YES_ERROR;
				CLANG_WARN_DOCUMENTATION_COMMENTS = YES;
				CLANG_WARN_EMPTY_BODY = YES;
				CLANG_WARN_ENUM_CONVERSION = YES;
				CLANG_WARN_INFINITE_RECURSION = YES;
				CLANG_WARN_INT_CONVERSION = YES;
				CLANG_WARN_NON_LITERAL_NULL_CONVERSION = YES;
				CLANG_WARN_OBJC_IMPLICIT_RETAIN_SELF = YES;
				CLANG_WARN_OBJC_LITERAL_CONVERSION = YES;
				CLANG_WARN_OBJC_ROOT_CLASS = YES_ERROR;
				CLANG_WARN_QUOTED_INCLUDE_IN_FRAMEWORK_HEADER = YES;
				CLANG_WARN_RANGE_LOOP_ANALYSIS = YES;
				CLANG_WARN_STRICT_PROTOTYPES = YES;
				CLANG_WARN_SUSPICIOUS_MOVE = YES;
				CLANG_WARN_UNGUARDED_AVAILABILITY = YES_AGGRESSIVE;
				CLANG_WARN_UNREACHABLE_CODE = YES;
				CLANG_WARN__DUPLICATE_METHOD_MATCH = YES;
				COPY_PHASE_STRIP = NO;
				DEBUG_INFORMATION_FORMAT = dwarf;
				ENABLE_STRICT_OBJC_MSGSEND = YES;
				ENABLE_TESTABILITY = YES;
				ENABLE_USER_SCRIPT_SANDBOXING = YES;
				GCC_C_LANGUAGE_STANDARD = gnu17;
				GCC_DYNAMIC_NO_PIC = NO;
				GCC_NO_COMMON_BLOCKS = YES;
				GCC_OPTIMIZATION_LEVEL = 0;
				GCC_PREPROCESSOR_DEFINITIONS = (
					"DEBUG=1",
					"$(inherited)",
				);
				GCC_WARN_64_TO_32_BIT_CONVERSION = YES;
				GCC_WARN_ABOUT_RETURN_TYPE = YES_ERROR;
				GCC_WARN_UNDECLARED_SELECTOR = YES;
				GCC_WARN_UNINITIALIZED_AUTOS = YES_AGGRESSIVE;
				GCC_WARN_UNUSED_FUNCTION = YES;
				GCC_WARN_UNUSED_VARIABLE = YES;
				IPHONEOS_DEPLOYMENT_TARGET = 18.1;
				LOCALIZATION_PREFERS_STRING_CATALOGS = YES;
				MTL_ENABLE_DEBUG_INFO = INCLUDE_SOURCE;
				MTL_FAST_MATH = YES;
				ONLY_ACTIVE_ARCH = YES;
				SDKROOT = iphoneos;
				SWIFT_ACTIVE_COMPILATION_CONDITIONS = "DEBUG $(inherited)";
				SWIFT_OPTIMIZATION_LEVEL = "-Onone";
			};
			name = Debug;
		};
		6492D5602CE4C46E005BE624 /* Release */ = {
			isa = XCBuildConfiguration;
			buildSettings = {
				ALWAYS_SEARCH_USER_PATHS = NO;
				ASSETCATALOG_COMPILER_GENERATE_SWIFT_ASSET_SYMBOL_EXTENSIONS = YES;
				CLANG_ANALYZER_NONNULL = YES;
				CLANG_ANALYZER_NUMBER_OBJECT_CONVERSION = YES_AGGRESSIVE;
				CLANG_CXX_LANGUAGE_STANDARD = "gnu++20";
				CLANG_ENABLE_MODULES = YES;
				CLANG_ENABLE_OBJC_ARC = YES;
				CLANG_ENABLE_OBJC_WEAK = YES;
				CLANG_WARN_BLOCK_CAPTURE_AUTORELEASING = YES;
				CLANG_WARN_BOOL_CONVERSION = YES;
				CLANG_WARN_COMMA = YES;
				CLANG_WARN_CONSTANT_CONVERSION = YES;
				CLANG_WARN_DEPRECATED_OBJC_IMPLEMENTATIONS = YES;
				CLANG_WARN_DIRECT_OBJC_ISA_USAGE = YES_ERROR;
				CLANG_WARN_DOCUMENTATION_COMMENTS = YES;
				CLANG_WARN_EMPTY_BODY = YES;
				CLANG_WARN_ENUM_CONVERSION = YES;
				CLANG_WARN_INFINITE_RECURSION = YES;
				CLANG_WARN_INT_CONVERSION = YES;
				CLANG_WARN_NON_LITERAL_NULL_CONVERSION = YES;
				CLANG_WARN_OBJC_IMPLICIT_RETAIN_SELF = YES;
				CLANG_WARN_OBJC_LITERAL_CONVERSION = YES;
				CLANG_WARN_OBJC_ROOT_CLASS = YES_ERROR;
				CLANG_WARN_QUOTED_INCLUDE_IN_FRAMEWORK_HEADER = YES;
				CLANG_WARN_RANGE_LOOP_ANALYSIS = YES;
				CLANG_WARN_STRICT_PROTOTYPES = YES;
				CLANG_WARN_SUSPICIOUS_MOVE = YES;
				CLANG_WARN_UNGUARDED_AVAILABILITY = YES_AGGRESSIVE;
				CLANG_WARN_UNREACHABLE_CODE = YES;
				CLANG_WARN__DUPLICATE_METHOD_MATCH = YES;
				COPY_PHASE_STRIP = NO;
				DEBUG_INFORMATION_FORMAT = "dwarf-with-dsym";
				ENABLE_NS_ASSERTIONS = NO;
				ENABLE_STRICT_OBJC_MSGSEND = YES;
				ENABLE_USER_SCRIPT_SANDBOXING = YES;
				GCC_C_LANGUAGE_STANDARD = gnu17;
				GCC_NO_COMMON_BLOCKS = YES;
				GCC_WARN_64_TO_32_BIT_CONVERSION = YES;
				GCC_WARN_ABOUT_RETURN_TYPE = YES_ERROR;
				GCC_WARN_UNDECLARED_SELECTOR = YES;
				GCC_WARN_UNINITIALIZED_AUTOS = YES_AGGRESSIVE;
				GCC_WARN_UNUSED_FUNCTION = YES;
				GCC_WARN_UNUSED_VARIABLE = YES;
				IPHONEOS_DEPLOYMENT_TARGET = 18.1;
				LOCALIZATION_PREFERS_STRING_CATALOGS = YES;
				MTL_ENABLE_DEBUG_INFO = NO;
				MTL_FAST_MATH = YES;
				SDKROOT = iphoneos;
				SWIFT_COMPILATION_MODE = wholemodule;
				VALIDATE_PRODUCT = YES;
			};
			name = Release;
		};
		6492D5622CE4C46E005BE624 /* Debug */ = {
			isa = XCBuildConfiguration;
			buildSettings = {
				ASSETCATALOG_COMPILER_APPICON_NAME = AppIcon;
				ASSETCATALOG_COMPILER_GLOBAL_ACCENT_COLOR_NAME = AccentColor;
				CODE_SIGN_STYLE = Automatic;
				CURRENT_PROJECT_VERSION = 1;
				DEVELOPMENT_ASSET_PATHS = "\"FocusCat/Preview Content\"";
				ENABLE_PREVIEWS = YES;
				GENERATE_INFOPLIST_FILE = YES;
				INFOPLIST_KEY_UIApplicationSceneManifest_Generation = YES;
				INFOPLIST_KEY_UIApplicationSupportsIndirectInputEvents = YES;
				INFOPLIST_KEY_UILaunchScreen_Generation = YES;
				INFOPLIST_KEY_UISupportedInterfaceOrientations_iPad = "UIInterfaceOrientationPortrait UIInterfaceOrientationPortraitUpsideDown UIInterfaceOrientationLandscapeLeft UIInterfaceOrientationLandscapeRight";
				INFOPLIST_KEY_UISupportedInterfaceOrientations_iPhone = "UIInterfaceOrientationPortrait UIInterfaceOrientationLandscapeLeft UIInterfaceOrientationLandscapeRight";
				LD_RUNPATH_SEARCH_PATHS = (
					"$(inherited)",
					"@executable_path/Frameworks",
				);
				MARKETING_VERSION = 1.0;
				PRODUCT_BUNDLE_IDENTIFIER = Bingyan.FocusCat;
				PRODUCT_NAME = "$(TARGET_NAME)";
				SWIFT_EMIT_LOC_STRINGS = YES;
				SWIFT_VERSION = 5.0;
				TARGETED_DEVICE_FAMILY = "1,2";
			};
			name = Debug;
		};
		6492D5632CE4C46E005BE624 /* Release */ = {
			isa = XCBuildConfiguration;
			buildSettings = {
				ASSETCATALOG_COMPILER_APPICON_NAME = AppIcon;
				ASSETCATALOG_COMPILER_GLOBAL_ACCENT_COLOR_NAME = AccentColor;
				CODE_SIGN_STYLE = Automatic;
				CURRENT_PROJECT_VERSION = 1;
				DEVELOPMENT_ASSET_PATHS = "\"FocusCat/Preview Content\"";
				ENABLE_PREVIEWS = YES;
				GENERATE_INFOPLIST_FILE = YES;
				INFOPLIST_KEY_UIApplicationSceneManifest_Generation = YES;
				INFOPLIST_KEY_UIApplicationSupportsIndirectInputEvents = YES;
				INFOPLIST_KEY_UILaunchScreen_Generation = YES;
				INFOPLIST_KEY_UISupportedInterfaceOrientations_iPad = "UIInterfaceOrientationPortrait UIInterfaceOrientationPortraitUpsideDown UIInterfaceOrientationLandscapeLeft UIInterfaceOrientationLandscapeRight";
				INFOPLIST_KEY_UISupportedInterfaceOrientations_iPhone = "UIInterfaceOrientationPortrait UIInterfaceOrientationLandscapeLeft UIInterfaceOrientationLandscapeRight";
				LD_RUNPATH_SEARCH_PATHS = (
					"$(inherited)",
					"@executable_path/Frameworks",
				);
				MARKETING_VERSION = 1.0;
				PRODUCT_BUNDLE_IDENTIFIER = Bingyan.FocusCat;
				PRODUCT_NAME = "$(TARGET_NAME)";
				SWIFT_EMIT_LOC_STRINGS = YES;
				SWIFT_VERSION = 5.0;
				TARGETED_DEVICE_FAMILY = "1,2";
			};
			name = Release;
		};
		6492D5652CE4C46E005BE624 /* Debug */ = {
			isa = XCBuildConfiguration;
			buildSettings = {
				BUNDLE_LOADER = "$(TEST_HOST)";
				CODE_SIGN_STYLE = Automatic;
				CURRENT_PROJECT_VERSION = 1;
				GENERATE_INFOPLIST_FILE = YES;
				IPHONEOS_DEPLOYMENT_TARGET = 18.1;
				MARKETING_VERSION = 1.0;
				PRODUCT_BUNDLE_IDENTIFIER = Bingyan.FocusCatTests;
				PRODUCT_NAME = "$(TARGET_NAME)";
				SWIFT_EMIT_LOC_STRINGS = NO;
				SWIFT_VERSION = 5.0;
				TARGETED_DEVICE_FAMILY = "1,2";
				TEST_HOST = "$(BUILT_PRODUCTS_DIR)/FocusCat.app/$(BUNDLE_EXECUTABLE_FOLDER_PATH)/FocusCat";
			};
			name = Debug;
		};
		6492D5662CE4C46E005BE624 /* Release */ = {
			isa = XCBuildConfiguration;
			buildSettings = {
				BUNDLE_LOADER = "$(TEST_HOST)";
				CODE_SIGN_STYLE = Automatic;
				CURRENT_PROJECT_VERSION = 1;
				GENERATE_INFOPLIST_FILE = YES;
				IPHONEOS_DEPLOYMENT_TARGET = 18.1;
				MARKETING_VERSION = 1.0;
				PRODUCT_BUNDLE_IDENTIFIER = Bingyan.FocusCatTests;
				PRODUCT_NAME = "$(TARGET_NAME)";
				SWIFT_EMIT_LOC_STRINGS = NO;
				SWIFT_VERSION = 5.0;
				TARGETED_DEVICE_FAMILY = "1,2";
				TEST_HOST = "$(BUILT_PRODUCTS_DIR)/FocusCat.app/$(BUNDLE_EXECUTABLE_FOLDER_PATH)/FocusCat";
			};
			name = Release;
		};
		6492D5682CE4C46E005BE624 /* Debug */ = {
			isa = XCBuildConfiguration;
			buildSettings = {
				CODE_SIGN_STYLE = Automatic;
				CURRENT_PROJECT_VERSION = 1;
				GENERATE_INFOPLIST_FILE = YES;
				MARKETING_VERSION = 1.0;
				PRODUCT_BUNDLE_IDENTIFIER = Bingyan.FocusCatUITests;
				PRODUCT_NAME = "$(TARGET_NAME)";
				SWIFT_EMIT_LOC_STRINGS = NO;
				SWIFT_VERSION = 5.0;
				TARGETED_DEVICE_FAMILY = "1,2";
				TEST_TARGET_NAME = FocusCat;
			};
			name = Debug;
		};
		6492D5692CE4C46E005BE624 /* Release */ = {
			isa = XCBuildConfiguration;
			buildSettings = {
				CODE_SIGN_STYLE = Automatic;
				CURRENT_PROJECT_VERSION = 1;
				GENERATE_INFOPLIST_FILE = YES;
				MARKETING_VERSION = 1.0;
				PRODUCT_BUNDLE_IDENTIFIER = Bingyan.FocusCatUITests;
				PRODUCT_NAME = "$(TARGET_NAME)";
				SWIFT_EMIT_LOC_STRINGS = NO;
				SWIFT_VERSION = 5.0;
				TARGETED_DEVICE_FAMILY = "1,2";
				TEST_TARGET_NAME = FocusCat;
			};
			name = Release;
		};
/* End XCBuildConfiguration section */

/* Begin XCConfigurationList section */
		6492D5382CE4C46C005BE624 /* Build configuration list for PBXProject "FocusCat" */ = {
			isa = XCConfigurationList;
			buildConfigurations = (
				6492D55F2CE4C46E005BE624 /* Debug */,
				6492D5602CE4C46E005BE624 /* Release */,
			);
			defaultConfigurationIsVisible = 0;
			defaultConfigurationName = Release;
		};
		6492D5612CE4C46E005BE624 /* Build configuration list for PBXNativeTarget "FocusCat" */ = {
			isa = XCConfigurationList;
			buildConfigurations = (
				6492D5622CE4C46E005BE624 /* Debug */,
				6492D5632CE4C46E005BE624 /* Release */,
			);
			defaultConfigurationIsVisible = 0;
			defaultConfigurationName = Release;
		};
		6492D5642CE4C46E005BE624 /* Build configuration list for PBXNativeTarget "FocusCatTests" */ = {
			isa = XCConfigurationList;
			buildConfigurations = (
				6492D5652CE4C46E005BE624 /* Debug */,
				6492D5662CE4C46E005BE624 /* Release */,
			);
			defaultConfigurationIsVisible = 0;
			defaultConfigurationName = Release;
		};
		6492D5672CE4C46E005BE624 /* Build configuration list for PBXNativeTarget "FocusCatUITests" */ = {
			isa = XCConfigurationList;
			buildConfigurations = (
				6492D5682CE4C46E005BE624 /* Debug */,
				6492D5692CE4C46E005BE624 /* Release */,
			);
			defaultConfigurationIsVisible = 0;
			defaultConfigurationName = Release;
		};
/* End XCConfigurationList section */
	};
	rootObject = 6492D5352CE4C46C005BE624 /* Project object */;
}
